
Microsoft Visual Studio Solution File, Format Version 12.00
# Visual Studio Version 17
VisualStudioVersion = 17.6.33723.286
MinimumVisualStudioVersion = 10.0.40219.1
Project("{FAE04EC0-301F-11D3-BF4B-00C04F79EFBC}") = "LibraryManagementSystem.Core", "LibraryManagementSystem.Core\LibraryManagementSystem.Core.csproj", "{7EC2F6B0-6F19-442E-8A8C-0708F6630D8B}"
EndProject
Project("{FAE04EC0-301F-11D3-BF4B-00C04F79EFBC}") = "LibraryManagementSystem.Infrastructure", "LibraryManagementSystem.Infrastructure\LibraryManagementSystem.Infrastructure.csproj", "{3187AD72-6BDB-4FC8-966E-B9617E07DB76}"
EndProject
Project("{FAE04EC0-301F-11D3-BF4B-00C04F79EFBC}") = "LibraryManagementSystem.API", "LibraryManagementSystem.API\LibraryManagementSystem.API.csproj", "{C0EE6CE5-E4EE-4B1A-91E7-C144BDFACBE9}"
EndProject
Global
	GlobalSection(SolutionConfigurationPlatforms) = preSolution
		Debug|Any CPU = Debug|Any CPU
		Release|Any CPU = Release|Any CPU
	EndGlobalSection
	GlobalSection(ProjectConfigurationPlatforms) = postSolution
		{7EC2F6B0-6F19-442E-8A8C-0708F6630D8B}.Debug|Any CPU.ActiveCfg = Debug|Any CPU
		{7EC2F6B0-6F19-442E-8A8C-0708F6630D8B}.Debug|Any CPU.Build.0 = Debug|Any CPU
		{7EC2F6B0-6F19-442E-8A8C-0708F6630D8B}.Release|Any CPU.ActiveCfg = Release|Any CPU
		{7EC2F6B0-6F19-442E-8A8C-0708F6630D8B}.Release|Any CPU.Build.0 = Release|Any CPU
		{3187AD72-6BDB-4FC8-966E-B9617E07DB76}.Debug|Any CPU.ActiveCfg = Debug|Any CPU
		{3187AD72-6BDB-4FC8-966E-B9617E07DB76}.Debug|Any CPU.Build.0 = Debug|Any CPU
		{3187AD72-6BDB-4FC8-966E-B9617E07DB76}.Release|Any CPU.ActiveCfg = Release|Any CPU
		{3187AD72-6BDB-4FC8-966E-B9617E07DB76}.Release|Any CPU.Build.0 = Release|Any CPU
		{C0EE6CE5-E4EE-4B1A-91E7-C144BDFACBE9}.Debug|Any CPU.ActiveCfg = Debug|Any CPU
		{C0EE6CE5-E4EE-4B1A-91E7-C144BDFACBE9}.Debug|Any CPU.Build.0 = Debug|Any CPU
		{C0EE6CE5-E4EE-4B1A-91E7-C144BDFACBE9}.Release|Any CPU.ActiveCfg = Release|Any CPU
		{C0EE6CE5-E4EE-4B1A-91E7-C144BDFACBE9}.Release|Any CPU.Build.0 = Release|Any CPU
	EndGlobalSection
	GlobalSection(SolutionProperties) = preSolution
		HideSolutionNode = FALSE
	EndGlobalSection
	GlobalSection(ExtensibilityGlobals) = postSolution
		SolutionGuid = {5CFF98C7-30F2-42A4-9791-6E7527E59302}
	EndGlobalSection
EndGlobal
